
Microsoft Visual Studio Solution File, Format Version 12.00
# Visual Studio 15
VisualStudioVersion = 15.0.26430.6
MinimumVisualStudioVersion = 10.0.40219.1
Project("{FAE04EC0-301F-11D3-BF4B-00C04F79EFBC}") = "FileBrowserWebApp", "FileBrowserWebApp\FileBrowserWebApp.csproj", "{ADA1F1D4-3D09-40E0-AAA2-E8F1B7842192}"
EndProject
Project("{FAE04EC0-301F-11D3-BF4B-00C04F79EFBC}") = "FSTests", "FSTests\FSTests.csproj", "{148ED761-84F3-419D-B573-CF45929CE24D}"
EndProject
Project("{FAE04EC0-301F-11D3-BF4B-00C04F79EFBC}") = "ConsoleFSTrainer", "ConsoleFSTrainer\ConsoleFSTrainer.csproj", "{96FBF8D7-791C-4DBE-A5E5-1802AE1065CB}"
EndProject
Global
	GlobalSection(SolutionConfigurationPlatforms) = preSolution
		Debug|Any CPU = Debug|Any CPU
		Release|Any CPU = Release|Any CPU
	EndGlobalSection
	GlobalSection(ProjectConfigurationPlatforms) = postSolution
		{ADA1F1D4-3D09-40E0-AAA2-E8F1B7842192}.Debug|Any CPU.ActiveCfg = Debug|Any CPU
		{ADA1F1D4-3D09-40E0-AAA2-E8F1B7842192}.Debug|Any CPU.Build.0 = Debug|Any CPU
		{ADA1F1D4-3D09-40E0-AAA2-E8F1B7842192}.Release|Any CPU.ActiveCfg = Release|Any CPU
		{ADA1F1D4-3D09-40E0-AAA2-E8F1B7842192}.Release|Any CPU.Build.0 = Release|Any CPU
		{148ED761-84F3-419D-B573-CF45929CE24D}.Debug|Any CPU.ActiveCfg = Debug|Any CPU
		{148ED761-84F3-419D-B573-CF45929CE24D}.Debug|Any CPU.Build.0 = Debug|Any CPU
		{148ED761-84F3-419D-B573-CF45929CE24D}.Release|Any CPU.ActiveCfg = Release|Any CPU
		{148ED761-84F3-419D-B573-CF45929CE24D}.Release|Any CPU.Build.0 = Release|Any CPU
		{96FBF8D7-791C-4DBE-A5E5-1802AE1065CB}.Debug|Any CPU.ActiveCfg = Debug|Any CPU
		{96FBF8D7-791C-4DBE-A5E5-1802AE1065CB}.Debug|Any CPU.Build.0 = Debug|Any CPU
		{96FBF8D7-791C-4DBE-A5E5-1802AE1065CB}.Release|Any CPU.ActiveCfg = Release|Any CPU
		{96FBF8D7-791C-4DBE-A5E5-1802AE1065CB}.Release|Any CPU.Build.0 = Release|Any CPU
	EndGlobalSection
	GlobalSection(SolutionProperties) = preSolution
		HideSolutionNode = FALSE
	EndGlobalSection
EndGlobal
