
Microsoft Visual Studio Solution File, Format Version 12.00
# Visual Studio 15
VisualStudioVersion = 15.0.26430.6
MinimumVisualStudioVersion = 10.0.40219.1
Project("{FAE04EC0-301F-11D3-BF4B-00C04F79EFBC}") = "Prototype", "Prototype\Prototype.csproj", "{8EEEDDBB-54E7-403D-A33A-388F648B25FC}"
EndProject
Project("{FAE04EC0-301F-11D3-BF4B-00C04F79EFBC}") = "Prototype.Tests", "Prototype.Tests\Prototype.Tests.csproj", "{504AA543-7F38-4CF5-B598-A76FCED03E0F}"
EndProject
Project("{FAE04EC0-301F-11D3-BF4B-00C04F79EFBC}") = "ConsoleApp1", "ConsoleApp1\ConsoleApp1.csproj", "{8AB44557-5613-4627-8FD9-0E4E3C68D210}"
EndProject
Project("{FAE04EC0-301F-11D3-BF4B-00C04F79EFBC}") = "BLL", "BLL\BLL.csproj", "{D3599E73-324F-4B0C-897F-3CA04AF66641}"
EndProject
Project("{FAE04EC0-301F-11D3-BF4B-00C04F79EFBC}") = "BLL.Interface", "BLL.Interface\BLL.Interface.csproj", "{11CBB7E4-2E85-4BB3-972A-4704D539996F}"
EndProject
Project("{FAE04EC0-301F-11D3-BF4B-00C04F79EFBC}") = "BLLTests", "BLLTests\BLLTests.csproj", "{61C2F859-7576-4DFE-8CEF-6CAE6418B544}"
EndProject
Project("{FAE04EC0-301F-11D3-BF4B-00C04F79EFBC}") = "FSTests", "FSTests\FSTests.csproj", "{DAAC01DD-517F-4E48-AB38-D4DAB8F3E935}"
EndProject
Project("{FAE04EC0-301F-11D3-BF4B-00C04F79EFBC}") = "FS", "FS\FS.csproj", "{81DD0CC7-5BE9-45E3-9471-96AB0CA9AB61}"
EndProject
Project("{FAE04EC0-301F-11D3-BF4B-00C04F79EFBC}") = "FSConsole", "FSConsole\FSConsole.csproj", "{B0BD45E1-6A59-4ACB-908F-6E9DB9C18940}"
EndProject
Global
	GlobalSection(SolutionConfigurationPlatforms) = preSolution
		Debug|Any CPU = Debug|Any CPU
		Debug|ARM = Debug|ARM
		Debug|x64 = Debug|x64
		Debug|x86 = Debug|x86
		Release|Any CPU = Release|Any CPU
		Release|ARM = Release|ARM
		Release|x64 = Release|x64
		Release|x86 = Release|x86
	EndGlobalSection
	GlobalSection(ProjectConfigurationPlatforms) = postSolution
		{8EEEDDBB-54E7-403D-A33A-388F648B25FC}.Debug|Any CPU.ActiveCfg = Debug|Any CPU
		{8EEEDDBB-54E7-403D-A33A-388F648B25FC}.Debug|Any CPU.Build.0 = Debug|Any CPU
		{8EEEDDBB-54E7-403D-A33A-388F648B25FC}.Debug|ARM.ActiveCfg = Debug|Any CPU
		{8EEEDDBB-54E7-403D-A33A-388F648B25FC}.Debug|ARM.Build.0 = Debug|Any CPU
		{8EEEDDBB-54E7-403D-A33A-388F648B25FC}.Debug|x64.ActiveCfg = Debug|Any CPU
		{8EEEDDBB-54E7-403D-A33A-388F648B25FC}.Debug|x64.Build.0 = Debug|Any CPU
		{8EEEDDBB-54E7-403D-A33A-388F648B25FC}.Debug|x86.ActiveCfg = Debug|Any CPU
		{8EEEDDBB-54E7-403D-A33A-388F648B25FC}.Debug|x86.Build.0 = Debug|Any CPU
		{8EEEDDBB-54E7-403D-A33A-388F648B25FC}.Release|Any CPU.ActiveCfg = Release|Any CPU
		{8EEEDDBB-54E7-403D-A33A-388F648B25FC}.Release|Any CPU.Build.0 = Release|Any CPU
		{8EEEDDBB-54E7-403D-A33A-388F648B25FC}.Release|ARM.ActiveCfg = Release|Any CPU
		{8EEEDDBB-54E7-403D-A33A-388F648B25FC}.Release|ARM.Build.0 = Release|Any CPU
		{8EEEDDBB-54E7-403D-A33A-388F648B25FC}.Release|x64.ActiveCfg = Release|Any CPU
		{8EEEDDBB-54E7-403D-A33A-388F648B25FC}.Release|x64.Build.0 = Release|Any CPU
		{8EEEDDBB-54E7-403D-A33A-388F648B25FC}.Release|x86.ActiveCfg = Release|Any CPU
		{8EEEDDBB-54E7-403D-A33A-388F648B25FC}.Release|x86.Build.0 = Release|Any CPU
		{504AA543-7F38-4CF5-B598-A76FCED03E0F}.Debug|Any CPU.ActiveCfg = Debug|Any CPU
		{504AA543-7F38-4CF5-B598-A76FCED03E0F}.Debug|Any CPU.Build.0 = Debug|Any CPU
		{504AA543-7F38-4CF5-B598-A76FCED03E0F}.Debug|ARM.ActiveCfg = Debug|Any CPU
		{504AA543-7F38-4CF5-B598-A76FCED03E0F}.Debug|ARM.Build.0 = Debug|Any CPU
		{504AA543-7F38-4CF5-B598-A76FCED03E0F}.Debug|x64.ActiveCfg = Debug|Any CPU
		{504AA543-7F38-4CF5-B598-A76FCED03E0F}.Debug|x64.Build.0 = Debug|Any CPU
		{504AA543-7F38-4CF5-B598-A76FCED03E0F}.Debug|x86.ActiveCfg = Debug|Any CPU
		{504AA543-7F38-4CF5-B598-A76FCED03E0F}.Debug|x86.Build.0 = Debug|Any CPU
		{504AA543-7F38-4CF5-B598-A76FCED03E0F}.Release|Any CPU.ActiveCfg = Release|Any CPU
		{504AA543-7F38-4CF5-B598-A76FCED03E0F}.Release|Any CPU.Build.0 = Release|Any CPU
		{504AA543-7F38-4CF5-B598-A76FCED03E0F}.Release|ARM.ActiveCfg = Release|Any CPU
		{504AA543-7F38-4CF5-B598-A76FCED03E0F}.Release|ARM.Build.0 = Release|Any CPU
		{504AA543-7F38-4CF5-B598-A76FCED03E0F}.Release|x64.ActiveCfg = Release|Any CPU
		{504AA543-7F38-4CF5-B598-A76FCED03E0F}.Release|x64.Build.0 = Release|Any CPU
		{504AA543-7F38-4CF5-B598-A76FCED03E0F}.Release|x86.ActiveCfg = Release|Any CPU
		{504AA543-7F38-4CF5-B598-A76FCED03E0F}.Release|x86.Build.0 = Release|Any CPU
		{8AB44557-5613-4627-8FD9-0E4E3C68D210}.Debug|Any CPU.ActiveCfg = Debug|Any CPU
		{8AB44557-5613-4627-8FD9-0E4E3C68D210}.Debug|Any CPU.Build.0 = Debug|Any CPU
		{8AB44557-5613-4627-8FD9-0E4E3C68D210}.Debug|ARM.ActiveCfg = Debug|Any CPU
		{8AB44557-5613-4627-8FD9-0E4E3C68D210}.Debug|ARM.Build.0 = Debug|Any CPU
		{8AB44557-5613-4627-8FD9-0E4E3C68D210}.Debug|x64.ActiveCfg = Debug|Any CPU
		{8AB44557-5613-4627-8FD9-0E4E3C68D210}.Debug|x64.Build.0 = Debug|Any CPU
		{8AB44557-5613-4627-8FD9-0E4E3C68D210}.Debug|x86.ActiveCfg = Debug|Any CPU
		{8AB44557-5613-4627-8FD9-0E4E3C68D210}.Debug|x86.Build.0 = Debug|Any CPU
		{8AB44557-5613-4627-8FD9-0E4E3C68D210}.Release|Any CPU.ActiveCfg = Release|Any CPU
		{8AB44557-5613-4627-8FD9-0E4E3C68D210}.Release|Any CPU.Build.0 = Release|Any CPU
		{8AB44557-5613-4627-8FD9-0E4E3C68D210}.Release|ARM.ActiveCfg = Release|Any CPU
		{8AB44557-5613-4627-8FD9-0E4E3C68D210}.Release|ARM.Build.0 = Release|Any CPU
		{8AB44557-5613-4627-8FD9-0E4E3C68D210}.Release|x64.ActiveCfg = Release|Any CPU
		{8AB44557-5613-4627-8FD9-0E4E3C68D210}.Release|x64.Build.0 = Release|Any CPU
		{8AB44557-5613-4627-8FD9-0E4E3C68D210}.Release|x86.ActiveCfg = Release|Any CPU
		{8AB44557-5613-4627-8FD9-0E4E3C68D210}.Release|x86.Build.0 = Release|Any CPU
		{D3599E73-324F-4B0C-897F-3CA04AF66641}.Debug|Any CPU.ActiveCfg = Debug|Any CPU
		{D3599E73-324F-4B0C-897F-3CA04AF66641}.Debug|Any CPU.Build.0 = Debug|Any CPU
		{D3599E73-324F-4B0C-897F-3CA04AF66641}.Debug|ARM.ActiveCfg = Debug|Any CPU
		{D3599E73-324F-4B0C-897F-3CA04AF66641}.Debug|ARM.Build.0 = Debug|Any CPU
		{D3599E73-324F-4B0C-897F-3CA04AF66641}.Debug|x64.ActiveCfg = Debug|Any CPU
		{D3599E73-324F-4B0C-897F-3CA04AF66641}.Debug|x64.Build.0 = Debug|Any CPU
		{D3599E73-324F-4B0C-897F-3CA04AF66641}.Debug|x86.ActiveCfg = Debug|Any CPU
		{D3599E73-324F-4B0C-897F-3CA04AF66641}.Debug|x86.Build.0 = Debug|Any CPU
		{D3599E73-324F-4B0C-897F-3CA04AF66641}.Release|Any CPU.ActiveCfg = Release|Any CPU
		{D3599E73-324F-4B0C-897F-3CA04AF66641}.Release|Any CPU.Build.0 = Release|Any CPU
		{D3599E73-324F-4B0C-897F-3CA04AF66641}.Release|ARM.ActiveCfg = Release|Any CPU
		{D3599E73-324F-4B0C-897F-3CA04AF66641}.Release|ARM.Build.0 = Release|Any CPU
		{D3599E73-324F-4B0C-897F-3CA04AF66641}.Release|x64.ActiveCfg = Release|Any CPU
		{D3599E73-324F-4B0C-897F-3CA04AF66641}.Release|x64.Build.0 = Release|Any CPU
		{D3599E73-324F-4B0C-897F-3CA04AF66641}.Release|x86.ActiveCfg = Release|Any CPU
		{D3599E73-324F-4B0C-897F-3CA04AF66641}.Release|x86.Build.0 = Release|Any CPU
		{11CBB7E4-2E85-4BB3-972A-4704D539996F}.Debug|Any CPU.ActiveCfg = Debug|Any CPU
		{11CBB7E4-2E85-4BB3-972A-4704D539996F}.Debug|Any CPU.Build.0 = Debug|Any CPU
		{11CBB7E4-2E85-4BB3-972A-4704D539996F}.Debug|ARM.ActiveCfg = Debug|Any CPU
		{11CBB7E4-2E85-4BB3-972A-4704D539996F}.Debug|ARM.Build.0 = Debug|Any CPU
		{11CBB7E4-2E85-4BB3-972A-4704D539996F}.Debug|x64.ActiveCfg = Debug|Any CPU
		{11CBB7E4-2E85-4BB3-972A-4704D539996F}.Debug|x64.Build.0 = Debug|Any CPU
		{11CBB7E4-2E85-4BB3-972A-4704D539996F}.Debug|x86.ActiveCfg = Debug|Any CPU
		{11CBB7E4-2E85-4BB3-972A-4704D539996F}.Debug|x86.Build.0 = Debug|Any CPU
		{11CBB7E4-2E85-4BB3-972A-4704D539996F}.Release|Any CPU.ActiveCfg = Release|Any CPU
		{11CBB7E4-2E85-4BB3-972A-4704D539996F}.Release|Any CPU.Build.0 = Release|Any CPU
		{11CBB7E4-2E85-4BB3-972A-4704D539996F}.Release|ARM.ActiveCfg = Release|Any CPU
		{11CBB7E4-2E85-4BB3-972A-4704D539996F}.Release|ARM.Build.0 = Release|Any CPU
		{11CBB7E4-2E85-4BB3-972A-4704D539996F}.Release|x64.ActiveCfg = Release|Any CPU
		{11CBB7E4-2E85-4BB3-972A-4704D539996F}.Release|x64.Build.0 = Release|Any CPU
		{11CBB7E4-2E85-4BB3-972A-4704D539996F}.Release|x86.ActiveCfg = Release|Any CPU
		{11CBB7E4-2E85-4BB3-972A-4704D539996F}.Release|x86.Build.0 = Release|Any CPU
		{61C2F859-7576-4DFE-8CEF-6CAE6418B544}.Debug|Any CPU.ActiveCfg = Debug|Any CPU
		{61C2F859-7576-4DFE-8CEF-6CAE6418B544}.Debug|Any CPU.Build.0 = Debug|Any CPU
		{61C2F859-7576-4DFE-8CEF-6CAE6418B544}.Debug|ARM.ActiveCfg = Debug|Any CPU
		{61C2F859-7576-4DFE-8CEF-6CAE6418B544}.Debug|ARM.Build.0 = Debug|Any CPU
		{61C2F859-7576-4DFE-8CEF-6CAE6418B544}.Debug|x64.ActiveCfg = Debug|Any CPU
		{61C2F859-7576-4DFE-8CEF-6CAE6418B544}.Debug|x64.Build.0 = Debug|Any CPU
		{61C2F859-7576-4DFE-8CEF-6CAE6418B544}.Debug|x86.ActiveCfg = Debug|Any CPU
		{61C2F859-7576-4DFE-8CEF-6CAE6418B544}.Debug|x86.Build.0 = Debug|Any CPU
		{61C2F859-7576-4DFE-8CEF-6CAE6418B544}.Release|Any CPU.ActiveCfg = Release|Any CPU
		{61C2F859-7576-4DFE-8CEF-6CAE6418B544}.Release|Any CPU.Build.0 = Release|Any CPU
		{61C2F859-7576-4DFE-8CEF-6CAE6418B544}.Release|ARM.ActiveCfg = Release|Any CPU
		{61C2F859-7576-4DFE-8CEF-6CAE6418B544}.Release|ARM.Build.0 = Release|Any CPU
		{61C2F859-7576-4DFE-8CEF-6CAE6418B544}.Release|x64.ActiveCfg = Release|Any CPU
		{61C2F859-7576-4DFE-8CEF-6CAE6418B544}.Release|x64.Build.0 = Release|Any CPU
		{61C2F859-7576-4DFE-8CEF-6CAE6418B544}.Release|x86.ActiveCfg = Release|Any CPU
		{61C2F859-7576-4DFE-8CEF-6CAE6418B544}.Release|x86.Build.0 = Release|Any CPU
		{DAAC01DD-517F-4E48-AB38-D4DAB8F3E935}.Debug|Any CPU.ActiveCfg = Debug|Any CPU
		{DAAC01DD-517F-4E48-AB38-D4DAB8F3E935}.Debug|Any CPU.Build.0 = Debug|Any CPU
		{DAAC01DD-517F-4E48-AB38-D4DAB8F3E935}.Debug|ARM.ActiveCfg = Debug|Any CPU
		{DAAC01DD-517F-4E48-AB38-D4DAB8F3E935}.Debug|ARM.Build.0 = Debug|Any CPU
		{DAAC01DD-517F-4E48-AB38-D4DAB8F3E935}.Debug|x64.ActiveCfg = Debug|Any CPU
		{DAAC01DD-517F-4E48-AB38-D4DAB8F3E935}.Debug|x64.Build.0 = Debug|Any CPU
		{DAAC01DD-517F-4E48-AB38-D4DAB8F3E935}.Debug|x86.ActiveCfg = Debug|Any CPU
		{DAAC01DD-517F-4E48-AB38-D4DAB8F3E935}.Debug|x86.Build.0 = Debug|Any CPU
		{DAAC01DD-517F-4E48-AB38-D4DAB8F3E935}.Release|Any CPU.ActiveCfg = Release|Any CPU
		{DAAC01DD-517F-4E48-AB38-D4DAB8F3E935}.Release|Any CPU.Build.0 = Release|Any CPU
		{DAAC01DD-517F-4E48-AB38-D4DAB8F3E935}.Release|ARM.ActiveCfg = Release|Any CPU
		{DAAC01DD-517F-4E48-AB38-D4DAB8F3E935}.Release|ARM.Build.0 = Release|Any CPU
		{DAAC01DD-517F-4E48-AB38-D4DAB8F3E935}.Release|x64.ActiveCfg = Release|Any CPU
		{DAAC01DD-517F-4E48-AB38-D4DAB8F3E935}.Release|x64.Build.0 = Release|Any CPU
		{DAAC01DD-517F-4E48-AB38-D4DAB8F3E935}.Release|x86.ActiveCfg = Release|Any CPU
		{DAAC01DD-517F-4E48-AB38-D4DAB8F3E935}.Release|x86.Build.0 = Release|Any CPU
		{81DD0CC7-5BE9-45E3-9471-96AB0CA9AB61}.Debug|Any CPU.ActiveCfg = Debug|Any CPU
		{81DD0CC7-5BE9-45E3-9471-96AB0CA9AB61}.Debug|Any CPU.Build.0 = Debug|Any CPU
		{81DD0CC7-5BE9-45E3-9471-96AB0CA9AB61}.Debug|ARM.ActiveCfg = Debug|Any CPU
		{81DD0CC7-5BE9-45E3-9471-96AB0CA9AB61}.Debug|ARM.Build.0 = Debug|Any CPU
		{81DD0CC7-5BE9-45E3-9471-96AB0CA9AB61}.Debug|x64.ActiveCfg = Debug|Any CPU
		{81DD0CC7-5BE9-45E3-9471-96AB0CA9AB61}.Debug|x64.Build.0 = Debug|Any CPU
		{81DD0CC7-5BE9-45E3-9471-96AB0CA9AB61}.Debug|x86.ActiveCfg = Debug|Any CPU
		{81DD0CC7-5BE9-45E3-9471-96AB0CA9AB61}.Debug|x86.Build.0 = Debug|Any CPU
		{81DD0CC7-5BE9-45E3-9471-96AB0CA9AB61}.Release|Any CPU.ActiveCfg = Release|Any CPU
		{81DD0CC7-5BE9-45E3-9471-96AB0CA9AB61}.Release|Any CPU.Build.0 = Release|Any CPU
		{81DD0CC7-5BE9-45E3-9471-96AB0CA9AB61}.Release|ARM.ActiveCfg = Release|Any CPU
		{81DD0CC7-5BE9-45E3-9471-96AB0CA9AB61}.Release|ARM.Build.0 = Release|Any CPU
		{81DD0CC7-5BE9-45E3-9471-96AB0CA9AB61}.Release|x64.ActiveCfg = Release|Any CPU
		{81DD0CC7-5BE9-45E3-9471-96AB0CA9AB61}.Release|x64.Build.0 = Release|Any CPU
		{81DD0CC7-5BE9-45E3-9471-96AB0CA9AB61}.Release|x86.ActiveCfg = Release|Any CPU
		{81DD0CC7-5BE9-45E3-9471-96AB0CA9AB61}.Release|x86.Build.0 = Release|Any CPU
		{B0BD45E1-6A59-4ACB-908F-6E9DB9C18940}.Debug|Any CPU.ActiveCfg = Debug|Any CPU
		{B0BD45E1-6A59-4ACB-908F-6E9DB9C18940}.Debug|Any CPU.Build.0 = Debug|Any CPU
		{B0BD45E1-6A59-4ACB-908F-6E9DB9C18940}.Debug|ARM.ActiveCfg = Debug|Any CPU
		{B0BD45E1-6A59-4ACB-908F-6E9DB9C18940}.Debug|ARM.Build.0 = Debug|Any CPU
		{B0BD45E1-6A59-4ACB-908F-6E9DB9C18940}.Debug|x64.ActiveCfg = Debug|Any CPU
		{B0BD45E1-6A59-4ACB-908F-6E9DB9C18940}.Debug|x64.Build.0 = Debug|Any CPU
		{B0BD45E1-6A59-4ACB-908F-6E9DB9C18940}.Debug|x86.ActiveCfg = Debug|Any CPU
		{B0BD45E1-6A59-4ACB-908F-6E9DB9C18940}.Debug|x86.Build.0 = Debug|Any CPU
		{B0BD45E1-6A59-4ACB-908F-6E9DB9C18940}.Release|Any CPU.ActiveCfg = Release|Any CPU
		{B0BD45E1-6A59-4ACB-908F-6E9DB9C18940}.Release|Any CPU.Build.0 = Release|Any CPU
		{B0BD45E1-6A59-4ACB-908F-6E9DB9C18940}.Release|ARM.ActiveCfg = Release|Any CPU
		{B0BD45E1-6A59-4ACB-908F-6E9DB9C18940}.Release|ARM.Build.0 = Release|Any CPU
		{B0BD45E1-6A59-4ACB-908F-6E9DB9C18940}.Release|x64.ActiveCfg = Release|Any CPU
		{B0BD45E1-6A59-4ACB-908F-6E9DB9C18940}.Release|x64.Build.0 = Release|Any CPU
		{B0BD45E1-6A59-4ACB-908F-6E9DB9C18940}.Release|x86.ActiveCfg = Release|Any CPU
		{B0BD45E1-6A59-4ACB-908F-6E9DB9C18940}.Release|x86.Build.0 = Release|Any CPU
	EndGlobalSection
	GlobalSection(SolutionProperties) = preSolution
		HideSolutionNode = FALSE
	EndGlobalSection
EndGlobal
